
Microsoft Visual Studio Solution File, Format Version 12.00
# Visual Studio Version 17
VisualStudioVersion = 17.12.35527.113
MinimumVisualStudioVersion = 10.0.40219.1
Project("{FAE04EC0-301F-11D3-BF4B-00C04F79EFBC}") = "ZdeskUserPortalApiCore", "ZdeskUserPortalApiCore.csproj", "{8355B65D-6FD7-4A34-85BE-B0F639E6AEBD}"
EndProject
Project("{FAE04EC0-301F-11D3-BF4B-00C04F79EFBC}") = "ZdeskUserPortal.DataAccess", "..\ZdeskUserPortal.DataAccess\ZdeskUserPortal.DataAccess.csproj", "{C3F4CEA1-550A-4471-96DC-E84E9F51E6A4}"
EndProject
Global
	GlobalSection(SolutionConfigurationPlatforms) = preSolution
		Debug|Any CPU = Debug|Any CPU
		Release|Any CPU = Release|Any CPU
	EndGlobalSection
	GlobalSection(ProjectConfigurationPlatforms) = postSolution
		{8355B65D-6FD7-4A34-85BE-B0F639E6AEBD}.Debug|Any CPU.ActiveCfg = Debug|Any CPU
		{8355B65D-6FD7-4A34-85BE-B0F639E6AEBD}.Debug|Any CPU.Build.0 = Debug|Any CPU
		{8355B65D-6FD7-4A34-85BE-B0F639E6AEBD}.Release|Any CPU.ActiveCfg = Release|Any CPU
		{8355B65D-6FD7-4A34-85BE-B0F639E6AEBD}.Release|Any CPU.Build.0 = Release|Any CPU
		{C3F4CEA1-550A-4471-96DC-E84E9F51E6A4}.Debug|Any CPU.ActiveCfg = Debug|Any CPU
		{C3F4CEA1-550A-4471-96DC-E84E9F51E6A4}.Debug|Any CPU.Build.0 = Debug|Any CPU
		{C3F4CEA1-550A-4471-96DC-E84E9F51E6A4}.Release|Any CPU.ActiveCfg = Release|Any CPU
		{C3F4CEA1-550A-4471-96DC-E84E9F51E6A4}.Release|Any CPU.Build.0 = Release|Any CPU
	EndGlobalSection
	GlobalSection(SolutionProperties) = preSolution
		HideSolutionNode = FALSE
	EndGlobalSection
EndGlobal
