
Microsoft Visual Studio Solution File, Format Version 12.00
# Visual Studio Version 17
VisualStudioVersion = 17.12.35527.113
MinimumVisualStudioVersion = 10.0.40219.1
Project("{FAE04EC0-301F-11D3-BF4B-00C04F79EFBC}") = "ZdeskUserPortalApiCore", "ZdeskUserPortalApiCore.csproj", "{8355B65D-6FD7-4A34-85BE-B0F639E6AEBD}"
EndProject
Project("{FAE04EC0-301F-11D3-BF4B-00C04F79EFBC}") = "ZdeskUserPortal.DataAccess", "..\ZdeskUserPortal.DataAccess\ZdeskUserPortal.DataAccess.csproj", "{C3F4CEA1-550A-4471-96DC-E84E9F51E6A4}"
EndProject
Project("{FAE04EC0-301F-11D3-BF4B-00C04F79EFBC}") = "ZdeskUserPortal.Domain", "..\ZdeskUserPortal.Domain\ZdeskUserPortal.Domain.csproj", "{425ABA3B-4D14-422C-8892-B8EA88ADC51E}"
EndProject
Project("{FAE04EC0-301F-11D3-BF4B-00C04F79EFBC}") = "ZdeskUserPortal.Business", "..\ZdeskUserPortal.Business\ZdeskUserPortal.Business.csproj", "{F640480C-02B8-48DC-AF68-845D5FAA7B85}"
EndProject
Project("{FAE04EC0-301F-11D3-BF4B-00C04F79EFBC}") = "ZdeskUserPortal.DTOModel", "..\ZdeskUserPortal.DTOModel\ZdeskUserPortal.DTOModel.csproj", "{36B2C981-6C26-4228-B695-49645C30D4DE}"
EndProject
Project("{00D1A9C2-B5F0-4AF3-8072-F6C62B433612}") = "ZdeskUserPortal.DataBaseScript", "..\ZdeskUserPortal.DataBaseScript\ZdeskUserPortal.DataBaseScript.sqlproj", "{696C576F-CE02-4A53-A84B-C08074B8E10A}"
EndProject
Global
	GlobalSection(SolutionConfigurationPlatforms) = preSolution
		Debug|Any CPU = Debug|Any CPU
		Release|Any CPU = Release|Any CPU
	EndGlobalSection
	GlobalSection(ProjectConfigurationPlatforms) = postSolution
		{8355B65D-6FD7-4A34-85BE-B0F639E6AEBD}.Debug|Any CPU.ActiveCfg = Debug|Any CPU
		{8355B65D-6FD7-4A34-85BE-B0F639E6AEBD}.Debug|Any CPU.Build.0 = Debug|Any CPU
		{8355B65D-6FD7-4A34-85BE-B0F639E6AEBD}.Release|Any CPU.ActiveCfg = Release|Any CPU
		{8355B65D-6FD7-4A34-85BE-B0F639E6AEBD}.Release|Any CPU.Build.0 = Release|Any CPU
		{C3F4CEA1-550A-4471-96DC-E84E9F51E6A4}.Debug|Any CPU.ActiveCfg = Debug|Any CPU
		{C3F4CEA1-550A-4471-96DC-E84E9F51E6A4}.Debug|Any CPU.Build.0 = Debug|Any CPU
		{C3F4CEA1-550A-4471-96DC-E84E9F51E6A4}.Release|Any CPU.ActiveCfg = Release|Any CPU
		{C3F4CEA1-550A-4471-96DC-E84E9F51E6A4}.Release|Any CPU.Build.0 = Release|Any CPU
		{425ABA3B-4D14-422C-8892-B8EA88ADC51E}.Debug|Any CPU.ActiveCfg = Debug|Any CPU
		{425ABA3B-4D14-422C-8892-B8EA88ADC51E}.Debug|Any CPU.Build.0 = Debug|Any CPU
		{425ABA3B-4D14-422C-8892-B8EA88ADC51E}.Release|Any CPU.ActiveCfg = Release|Any CPU
		{425ABA3B-4D14-422C-8892-B8EA88ADC51E}.Release|Any CPU.Build.0 = Release|Any CPU
		{F640480C-02B8-48DC-AF68-845D5FAA7B85}.Debug|Any CPU.ActiveCfg = Debug|Any CPU
		{F640480C-02B8-48DC-AF68-845D5FAA7B85}.Debug|Any CPU.Build.0 = Debug|Any CPU
		{F640480C-02B8-48DC-AF68-845D5FAA7B85}.Release|Any CPU.ActiveCfg = Release|Any CPU
		{F640480C-02B8-48DC-AF68-845D5FAA7B85}.Release|Any CPU.Build.0 = Release|Any CPU
		{36B2C981-6C26-4228-B695-49645C30D4DE}.Debug|Any CPU.ActiveCfg = Debug|Any CPU
		{36B2C981-6C26-4228-B695-49645C30D4DE}.Debug|Any CPU.Build.0 = Debug|Any CPU
		{36B2C981-6C26-4228-B695-49645C30D4DE}.Release|Any CPU.ActiveCfg = Release|Any CPU
		{36B2C981-6C26-4228-B695-49645C30D4DE}.Release|Any CPU.Build.0 = Release|Any CPU
		{696C576F-CE02-4A53-A84B-C08074B8E10A}.Debug|Any CPU.ActiveCfg = Debug|Any CPU
		{696C576F-CE02-4A53-A84B-C08074B8E10A}.Debug|Any CPU.Build.0 = Debug|Any CPU
		{696C576F-CE02-4A53-A84B-C08074B8E10A}.Debug|Any CPU.Deploy.0 = Debug|Any CPU
		{696C576F-CE02-4A53-A84B-C08074B8E10A}.Release|Any CPU.ActiveCfg = Release|Any CPU
		{696C576F-CE02-4A53-A84B-C08074B8E10A}.Release|Any CPU.Build.0 = Release|Any CPU
		{696C576F-CE02-4A53-A84B-C08074B8E10A}.Release|Any CPU.Deploy.0 = Release|Any CPU
	EndGlobalSection
	GlobalSection(SolutionProperties) = preSolution
		HideSolutionNode = FALSE
	EndGlobalSection
EndGlobal
